
Microsoft Visual Studio Solution File, Format Version 12.00
# Visual Studio Version 16
VisualStudioVersion = 16.0.29806.167
MinimumVisualStudioVersion = 10.0.40219.1
Project("{FAE04EC0-301F-11D3-BF4B-00C04F79EFBC}") = "SecondProblem", "SecondProblem\SecondProblem.csproj", "{A4E3481E-B233-41AD-905A-274426A6F4FA}"
EndProject
Project("{FAE04EC0-301F-11D3-BF4B-00C04F79EFBC}") = "exampleMatrix", "exampleMatrix\exampleMatrix.csproj", "{8AB674C3-557D-47BA-AB67-F90B5FD9843F}"
EndProject
Project("{FAE04EC0-301F-11D3-BF4B-00C04F79EFBC}") = "exampleMatrixx", "exampleMatrixx\exampleMatrixx.csproj", "{503062F4-804B-43C7-BF7D-CFD1909B8CFD}"
EndProject
Global
	GlobalSection(SolutionConfigurationPlatforms) = preSolution
		Debug|Any CPU = Debug|Any CPU
		Release|Any CPU = Release|Any CPU
	EndGlobalSection
	GlobalSection(ProjectConfigurationPlatforms) = postSolution
		{A4E3481E-B233-41AD-905A-274426A6F4FA}.Debug|Any CPU.ActiveCfg = Debug|Any CPU
		{A4E3481E-B233-41AD-905A-274426A6F4FA}.Debug|Any CPU.Build.0 = Debug|Any CPU
		{A4E3481E-B233-41AD-905A-274426A6F4FA}.Release|Any CPU.ActiveCfg = Release|Any CPU
		{A4E3481E-B233-41AD-905A-274426A6F4FA}.Release|Any CPU.Build.0 = Release|Any CPU
		{8AB674C3-557D-47BA-AB67-F90B5FD9843F}.Debug|Any CPU.ActiveCfg = Debug|Any CPU
		{8AB674C3-557D-47BA-AB67-F90B5FD9843F}.Debug|Any CPU.Build.0 = Debug|Any CPU
		{8AB674C3-557D-47BA-AB67-F90B5FD9843F}.Release|Any CPU.ActiveCfg = Release|Any CPU
		{8AB674C3-557D-47BA-AB67-F90B5FD9843F}.Release|Any CPU.Build.0 = Release|Any CPU
		{503062F4-804B-43C7-BF7D-CFD1909B8CFD}.Debug|Any CPU.ActiveCfg = Debug|Any CPU
		{503062F4-804B-43C7-BF7D-CFD1909B8CFD}.Debug|Any CPU.Build.0 = Debug|Any CPU
		{503062F4-804B-43C7-BF7D-CFD1909B8CFD}.Release|Any CPU.ActiveCfg = Release|Any CPU
		{503062F4-804B-43C7-BF7D-CFD1909B8CFD}.Release|Any CPU.Build.0 = Release|Any CPU
	EndGlobalSection
	GlobalSection(SolutionProperties) = preSolution
		HideSolutionNode = FALSE
	EndGlobalSection
	GlobalSection(ExtensibilityGlobals) = postSolution
		SolutionGuid = {1E1F2B82-F7F9-4676-897A-6C54F19D9B02}
	EndGlobalSection
EndGlobal
