
Microsoft Visual Studio Solution File, Format Version 12.00
# Visual Studio Version 16
VisualStudioVersion = 16.0.29728.190
MinimumVisualStudioVersion = 10.0.40219.1
Project("{FAE04EC0-301F-11D3-BF4B-00C04F79EFBC}") = "SumMatrixElement", "SumMatrixElement\SumMatrixElement.csproj", "{3F3490A7-C331-45E4-A77E-5CCEDF329377}"
EndProject
Project("{FAE04EC0-301F-11D3-BF4B-00C04F79EFBC}") = "SumMatrixColumns", "SumMatrixColumns\SumMatrixColumns.csproj", "{251AC2DD-352C-4100-B1A5-437C6475D3F4}"
EndProject
Project("{FAE04EC0-301F-11D3-BF4B-00C04F79EFBC}") = "PrimaryDiagonal", "PrimaryDiagonal\PrimaryDiagonal.csproj", "{8AA537A6-71B4-4ADC-8D5A-6FF1B443FAC6}"
EndProject
Global
	GlobalSection(SolutionConfigurationPlatforms) = preSolution
		Debug|Any CPU = Debug|Any CPU
		Release|Any CPU = Release|Any CPU
	EndGlobalSection
	GlobalSection(ProjectConfigurationPlatforms) = postSolution
		{3F3490A7-C331-45E4-A77E-5CCEDF329377}.Debug|Any CPU.ActiveCfg = Debug|Any CPU
		{3F3490A7-C331-45E4-A77E-5CCEDF329377}.Debug|Any CPU.Build.0 = Debug|Any CPU
		{3F3490A7-C331-45E4-A77E-5CCEDF329377}.Release|Any CPU.ActiveCfg = Release|Any CPU
		{3F3490A7-C331-45E4-A77E-5CCEDF329377}.Release|Any CPU.Build.0 = Release|Any CPU
		{251AC2DD-352C-4100-B1A5-437C6475D3F4}.Debug|Any CPU.ActiveCfg = Debug|Any CPU
		{251AC2DD-352C-4100-B1A5-437C6475D3F4}.Debug|Any CPU.Build.0 = Debug|Any CPU
		{251AC2DD-352C-4100-B1A5-437C6475D3F4}.Release|Any CPU.ActiveCfg = Release|Any CPU
		{251AC2DD-352C-4100-B1A5-437C6475D3F4}.Release|Any CPU.Build.0 = Release|Any CPU
		{8AA537A6-71B4-4ADC-8D5A-6FF1B443FAC6}.Debug|Any CPU.ActiveCfg = Debug|Any CPU
		{8AA537A6-71B4-4ADC-8D5A-6FF1B443FAC6}.Debug|Any CPU.Build.0 = Debug|Any CPU
		{8AA537A6-71B4-4ADC-8D5A-6FF1B443FAC6}.Release|Any CPU.ActiveCfg = Release|Any CPU
		{8AA537A6-71B4-4ADC-8D5A-6FF1B443FAC6}.Release|Any CPU.Build.0 = Release|Any CPU
	EndGlobalSection
	GlobalSection(SolutionProperties) = preSolution
		HideSolutionNode = FALSE
	EndGlobalSection
	GlobalSection(ExtensibilityGlobals) = postSolution
		SolutionGuid = {0D47FFE8-02F5-4032-ADFC-9B0479E39E70}
	EndGlobalSection
EndGlobal
